
Microsoft Visual Studio Solution File, Format Version 12.00
Project("{FAE04EC0-301F-11D3-BF4B-00C04F79EFBC}") = "Clients", "Clients\Clients.csproj", "{2EE6D972-FC4C-420C-81EF-36ECBB83E4B6}"
EndProject
Project("{FAE04EC0-301F-11D3-BF4B-00C04F79EFBC}") = "Robots", "Robots\Robots.csproj", "{0DFA6076-0014-44CF-9B8D-CC87A6D56FBA}"
EndProject
Global
	GlobalSection(SolutionConfigurationPlatforms) = preSolution
		Debug|Any CPU = Debug|Any CPU
		Release|Any CPU = Release|Any CPU
	EndGlobalSection
	GlobalSection(ProjectConfigurationPlatforms) = postSolution
		{2EE6D972-FC4C-420C-81EF-36ECBB83E4B6}.Debug|Any CPU.ActiveCfg = Debug|Any CPU
		{2EE6D972-FC4C-420C-81EF-36ECBB83E4B6}.Debug|Any CPU.Build.0 = Debug|Any CPU
		{2EE6D972-FC4C-420C-81EF-36ECBB83E4B6}.Release|Any CPU.ActiveCfg = Release|Any CPU
		{2EE6D972-FC4C-420C-81EF-36ECBB83E4B6}.Release|Any CPU.Build.0 = Release|Any CPU
		{0DFA6076-0014-44CF-9B8D-CC87A6D56FBA}.Debug|Any CPU.ActiveCfg = Debug|Any CPU
		{0DFA6076-0014-44CF-9B8D-CC87A6D56FBA}.Debug|Any CPU.Build.0 = Debug|Any CPU
		{0DFA6076-0014-44CF-9B8D-CC87A6D56FBA}.Release|Any CPU.ActiveCfg = Release|Any CPU
		{0DFA6076-0014-44CF-9B8D-CC87A6D56FBA}.Release|Any CPU.Build.0 = Release|Any CPU
	EndGlobalSection
EndGlobal
